
Microsoft Visual Studio Solution File, Format Version 12.00
# Visual Studio Version 17
VisualStudioVersion = 17.5.002.0
MinimumVisualStudioVersion = 10.0.40219.1
Project("{9A19103F-16F7-4668-BE54-9A1E7A4F7556}") = "TwitterDashboardBackend", "TwitterDashboardBackend.csproj", "{DEA4E278-29A2-43B2-9F64-BE821F373069}"
EndProject
Global
	GlobalSection(SolutionConfigurationPlatforms) = preSolution
		Debug|Any CPU = Debug|Any CPU
		Release|Any CPU = Release|Any CPU
	EndGlobalSection
	GlobalSection(ProjectConfigurationPlatforms) = postSolution
		{DEA4E278-29A2-43B2-9F64-BE821F373069}.Debug|Any CPU.ActiveCfg = Debug|Any CPU
		{DEA4E278-29A2-43B2-9F64-BE821F373069}.Debug|Any CPU.Build.0 = Debug|Any CPU
		{DEA4E278-29A2-43B2-9F64-BE821F373069}.Release|Any CPU.ActiveCfg = Release|Any CPU
		{DEA4E278-29A2-43B2-9F64-BE821F373069}.Release|Any CPU.Build.0 = Release|Any CPU
	EndGlobalSection
	GlobalSection(SolutionProperties) = preSolution
		HideSolutionNode = FALSE
	EndGlobalSection
	GlobalSection(ExtensibilityGlobals) = postSolution
		SolutionGuid = {C9A54FAB-DB19-4AA0-8F7B-0E81ED0755F9}
	EndGlobalSection
EndGlobal
